
Microsoft Visual Studio Solution File, Format Version 12.00
# Visual Studio Version 16
VisualStudioVersion = 16.0.31702.278
MinimumVisualStudioVersion = 10.0.40219.1
Project("{FAE04EC0-301F-11D3-BF4B-00C04F79EFBC}") = "Bai6", "Bai6\Bai6.csproj", "{A9615262-E745-4C9B-9184-EDB80A5EB881}"
EndProject
Global
	GlobalSection(SolutionConfigurationPlatforms) = preSolution
		Debug|Any CPU = Debug|Any CPU
		Release|Any CPU = Release|Any CPU
	EndGlobalSection
	GlobalSection(ProjectConfigurationPlatforms) = postSolution
		{A9615262-E745-4C9B-9184-EDB80A5EB881}.Debug|Any CPU.ActiveCfg = Debug|Any CPU
		{A9615262-E745-4C9B-9184-EDB80A5EB881}.Debug|Any CPU.Build.0 = Debug|Any CPU
		{A9615262-E745-4C9B-9184-EDB80A5EB881}.Release|Any CPU.ActiveCfg = Release|Any CPU
		{A9615262-E745-4C9B-9184-EDB80A5EB881}.Release|Any CPU.Build.0 = Release|Any CPU
	EndGlobalSection
	GlobalSection(SolutionProperties) = preSolution
		HideSolutionNode = FALSE
	EndGlobalSection
	GlobalSection(ExtensibilityGlobals) = postSolution
		SolutionGuid = {A7D0E36C-97E6-4C00-961D-3ED875922F53}
	EndGlobalSection
EndGlobal
