
Microsoft Visual Studio Solution File, Format Version 12.00
# Visual Studio Version 16
VisualStudioVersion = 16.0.31702.278
MinimumVisualStudioVersion = 10.0.40219.1
Project("{FAE04EC0-301F-11D3-BF4B-00C04F79EFBC}") = "Bai7_Listview", "Bai7_Listview\Bai7_Listview.csproj", "{59E5354D-9A68-4148-8BB5-D51ADD08DB93}"
EndProject
Global
	GlobalSection(SolutionConfigurationPlatforms) = preSolution
		Debug|Any CPU = Debug|Any CPU
		Release|Any CPU = Release|Any CPU
	EndGlobalSection
	GlobalSection(ProjectConfigurationPlatforms) = postSolution
		{59E5354D-9A68-4148-8BB5-D51ADD08DB93}.Debug|Any CPU.ActiveCfg = Debug|Any CPU
		{59E5354D-9A68-4148-8BB5-D51ADD08DB93}.Debug|Any CPU.Build.0 = Debug|Any CPU
		{59E5354D-9A68-4148-8BB5-D51ADD08DB93}.Release|Any CPU.ActiveCfg = Release|Any CPU
		{59E5354D-9A68-4148-8BB5-D51ADD08DB93}.Release|Any CPU.Build.0 = Release|Any CPU
	EndGlobalSection
	GlobalSection(SolutionProperties) = preSolution
		HideSolutionNode = FALSE
	EndGlobalSection
	GlobalSection(ExtensibilityGlobals) = postSolution
		SolutionGuid = {B771FFC9-EAD1-482E-978B-37E0D2CE1DBB}
	EndGlobalSection
EndGlobal
